
Microsoft Visual Studio Solution File, Format Version 12.00
# Visual Studio 15
VisualStudioVersion = 15.0.26730.15
MinimumVisualStudioVersion = 10.0.40219.1
Project("{FAE04EC0-301F-11D3-BF4B-00C04F79EFBC}") = "ProjetoH2O.MongoAccess", "ProjetoH2O.MongoAccess\ProjetoH2O.MongoAccess.csproj", "{FC04D543-7620-4022-AB28-00B1BD069379}"
EndProject
Project("{FAE04EC0-301F-11D3-BF4B-00C04F79EFBC}") = "ProjetoH2O.Domain", "ProjetoH2O.Domain\ProjetoH2O.Domain.csproj", "{BAD86288-013B-42F4-9C6E-59678B8940DD}"
EndProject
Project("{2150E333-8FDC-42A3-9474-1A3956D46DE8}") = "Diagramas", "Diagramas", "{3F65BD24-D806-4862-9B28-A6C167741669}"
	ProjectSection(SolutionItems) = preProject
		E:\Pessoal\Projetos\ProjetoH2O\ProjetoH2ODiagramaClasse.png = E:\Pessoal\Projetos\ProjetoH2O\ProjetoH2ODiagramaClasse.png
	EndProjectSection
EndProject
Global
	GlobalSection(SolutionConfigurationPlatforms) = preSolution
		Debug|Any CPU = Debug|Any CPU
		Release|Any CPU = Release|Any CPU
	EndGlobalSection
	GlobalSection(ProjectConfigurationPlatforms) = postSolution
		{FC04D543-7620-4022-AB28-00B1BD069379}.Debug|Any CPU.ActiveCfg = Debug|Any CPU
		{FC04D543-7620-4022-AB28-00B1BD069379}.Debug|Any CPU.Build.0 = Debug|Any CPU
		{FC04D543-7620-4022-AB28-00B1BD069379}.Release|Any CPU.ActiveCfg = Release|Any CPU
		{FC04D543-7620-4022-AB28-00B1BD069379}.Release|Any CPU.Build.0 = Release|Any CPU
		{BAD86288-013B-42F4-9C6E-59678B8940DD}.Debug|Any CPU.ActiveCfg = Debug|Any CPU
		{BAD86288-013B-42F4-9C6E-59678B8940DD}.Debug|Any CPU.Build.0 = Debug|Any CPU
		{BAD86288-013B-42F4-9C6E-59678B8940DD}.Release|Any CPU.ActiveCfg = Release|Any CPU
		{BAD86288-013B-42F4-9C6E-59678B8940DD}.Release|Any CPU.Build.0 = Release|Any CPU
	EndGlobalSection
	GlobalSection(SolutionProperties) = preSolution
		HideSolutionNode = FALSE
	EndGlobalSection
	GlobalSection(ExtensibilityGlobals) = postSolution
		SolutionGuid = {8D26EEE9-B973-41E6-A23F-3F392E141C7C}
	EndGlobalSection
EndGlobal
